// !$*UTF8*$!
{
	archiveVersion = 1;
	classes = {
	};
	objectVersion = 50;
	objects = {

/* Begin PBXBuildFile section */
		E21B5BF6226E963F00BC1467 /* 2二叉树.cpp in Sources */ = {isa = PBXBuildFile; fileRef = E21B5BF4226E963F00BC1467 /* 2二叉树.cpp */; };
/* End PBXBuildFile section */

/* Begin PBXCopyFilesBuildPhase section */
		E3665E742237B24300EB0C68 /* CopyFiles */ = {
			isa = PBXCopyFilesBuildPhase;
			buildActionMask = 2147483647;
			dstPath = /usr/share/man/man1/;
			dstSubfolderSpec = 0;
			files = (
			);
			runOnlyForDeploymentPostprocessing = 1;
		};
/* End PBXCopyFilesBuildPhase section */

/* Begin PBXFileReference section */
		E21B5BF4226E963F00BC1467 /* 2二叉树.cpp */ = {isa = PBXFileReference; lastKnownFileType = sourcecode.cpp.cpp; path = "2二叉树.cpp"; sourceTree = "<group>"; };
		E241E35A2265559700B6AFE8 /* 1二叉树的遍历问题.cpp */ = {isa = PBXFileReference; lastKnownFileType = sourcecode.cpp.cpp; path = "1二叉树的遍历问题.cpp"; sourceTree = "<group>"; };
		E27C478E22616D1D00456BFB /* 6括号匹配.cpp */ = {isa = PBXFileReference; lastKnownFileType = sourcecode.cpp.cpp; path = "6括号匹配.cpp"; sourceTree = "<group>"; };
		E27C47902261CDB400456BFB /* 7汉诺塔.cpp */ = {isa = PBXFileReference; lastKnownFileType = sourcecode.cpp.cpp; path = "7汉诺塔.cpp"; sourceTree = "<group>"; };
		E27C47922261DE2E00456BFB /* 8反转诗句.cpp */ = {isa = PBXFileReference; lastKnownFileType = sourcecode.cpp.cpp; path = "8反转诗句.cpp"; sourceTree = "<group>"; };
		E28FF641225C2A30002434BA /* 3递归进制转换.cpp */ = {isa = PBXFileReference; lastKnownFileType = sourcecode.cpp.cpp; path = "3递归进制转换.cpp"; sourceTree = "<group>"; };
		E28FF645225C4082002434BA /* 4找出N个数中的最大值-递归.cpp */ = {isa = PBXFileReference; lastKnownFileType = sourcecode.cpp.cpp; path = "4找出N个数中的最大值-递归.cpp"; sourceTree = "<group>"; };
		E28FF647225C43D6002434BA /* 5加数字-递归.cpp */ = {isa = PBXFileReference; lastKnownFileType = sourcecode.cpp.cpp; path = "5加数字-递归.cpp"; sourceTree = "<group>"; };
		E2B1DAB72253236900CC1548 /* 2逆波兰表达式.cpp */ = {isa = PBXFileReference; lastKnownFileType = sourcecode.cpp.cpp; path = "2逆波兰表达式.cpp"; sourceTree = "<group>"; };
		E31D507F2247955C00690667 /* test.cpp */ = {isa = PBXFileReference; lastKnownFileType = sourcecode.cpp.cpp; path = test.cpp; sourceTree = "<group>"; };
		E33CC299223C9C1B006A48F5 /* 4有序的双链表的实现.cpp */ = {isa = PBXFileReference; lastKnownFileType = sourcecode.cpp.cpp; path = "4有序的双链表的实现.cpp"; sourceTree = "<group>"; };
		E33CC29B223CA8FD006A48F5 /* 5:非递减有序集合合并.cpp */ = {isa = PBXFileReference; lastKnownFileType = sourcecode.cpp.cpp; path = "5:非递减有序集合合并.cpp"; sourceTree = "<group>"; };
		E346BB222246352500928BBC /* 1循环链队列.cpp */ = {isa = PBXFileReference; lastKnownFileType = sourcecode.cpp.cpp; path = "1循环链队列.cpp"; sourceTree = "<group>"; };
		E3665E762237B24300EB0C68 /* DataStructurePractice */ = {isa = PBXFileReference; includeInIndex = 0; lastKnownFileType = sourcecode.cpp.cpp; path = DataStructurePractice; sourceTree = BUILT_PRODUCTS_DIR; };
		E3665E792237B24300EB0C68 /* 1约瑟夫环.cpp */ = {isa = PBXFileReference; lastKnownFileType = sourcecode.cpp.cpp; path = "1约瑟夫环.cpp"; sourceTree = "<group>"; };
		E38BA7AD223C82AE00C2E58C /* 2构造有序的单链表.cpp */ = {isa = PBXFileReference; lastKnownFileType = sourcecode.cpp.cpp; path = "2构造有序的单链表.cpp"; sourceTree = "<group>"; };
		E38BA7B9223C952000C2E58C /* 3单链表的实现.cpp */ = {isa = PBXFileReference; lastKnownFileType = sourcecode.cpp.cpp; path = "3单链表的实现.cpp"; sourceTree = "<group>"; };
		E3999DAE223CD34D00D395D7 /* 6集合合并.cpp */ = {isa = PBXFileReference; lastKnownFileType = sourcecode.cpp.cpp; path = "6集合合并.cpp"; sourceTree = "<group>"; };
/* End PBXFileReference section */

/* Begin PBXFrameworksBuildPhase section */
		E3665E732237B24300EB0C68 /* Frameworks */ = {
			isa = PBXFrameworksBuildPhase;
			buildActionMask = 2147483647;
			files = (
			);
			runOnlyForDeploymentPostprocessing = 0;
		};
/* End PBXFrameworksBuildPhase section */

/* Begin PBXGroup section */
		E241E3592265537900B6AFE8 /* 二叉树 */ = {
			isa = PBXGroup;
			children = (
				E241E35A2265559700B6AFE8 /* 1二叉树的遍历问题.cpp */,
				E21B5BF4226E963F00BC1467 /* 2二叉树.cpp */,
			);
			path = "二叉树";
			sourceTree = "<group>";
		};
		E31D507E2247954300690667 /* Other */ = {
			isa = PBXGroup;
			children = (
				E31D507F2247955C00690667 /* test.cpp */,
			);
			path = Other;
			sourceTree = "<group>";
		};
		E346BB21224634EF00928BBC /* 栈与队列、递归 */ = {
			isa = PBXGroup;
			children = (
				E346BB222246352500928BBC /* 1循环链队列.cpp */,
				E2B1DAB72253236900CC1548 /* 2逆波兰表达式.cpp */,
				E28FF641225C2A30002434BA /* 3递归进制转换.cpp */,
				E28FF645225C4082002434BA /* 4找出N个数中的最大值-递归.cpp */,
				E28FF647225C43D6002434BA /* 5加数字-递归.cpp */,
				E27C478E22616D1D00456BFB /* 6括号匹配.cpp */,
				E27C47902261CDB400456BFB /* 7汉诺塔.cpp */,
				E27C47922261DE2E00456BFB /* 8反转诗句.cpp */,
			);
			path = "栈与队列、递归";
			sourceTree = "<group>";
		};
		E3665E6D2237B24300EB0C68 = {
			isa = PBXGroup;
			children = (
				E31D507E2247954300690667 /* Other */,
				E3665E782237B24300EB0C68 /* 线性表 */,
				E346BB21224634EF00928BBC /* 栈与队列、递归 */,
				E241E3592265537900B6AFE8 /* 二叉树 */,
				E3665E772237B24300EB0C68 /* Products */,
			);
			sourceTree = "<group>";
		};
		E3665E772237B24300EB0C68 /* Products */ = {
			isa = PBXGroup;
			children = (
				E3665E762237B24300EB0C68 /* DataStructurePractice */,
			);
			name = Products;
			sourceTree = "<group>";
		};
		E3665E782237B24300EB0C68 /* 线性表 */ = {
			isa = PBXGroup;
			children = (
				E3665E792237B24300EB0C68 /* 1约瑟夫环.cpp */,
				E38BA7AD223C82AE00C2E58C /* 2构造有序的单链表.cpp */,
				E38BA7B9223C952000C2E58C /* 3单链表的实现.cpp */,
				E33CC299223C9C1B006A48F5 /* 4有序的双链表的实现.cpp */,
				E33CC29B223CA8FD006A48F5 /* 5:非递减有序集合合并.cpp */,
				E3999DAE223CD34D00D395D7 /* 6集合合并.cpp */,
			);
			path = "线性表";
			sourceTree = "<group>";
		};
/* End PBXGroup section */

/* Begin PBXNativeTarget section */
		E3665E752237B24300EB0C68 /* DataStructurePractice */ = {
			isa = PBXNativeTarget;
			buildConfigurationList = E3665E7D2237B24300EB0C68 /* Build configuration list for PBXNativeTarget "DataStructurePractice" */;
			buildPhases = (
				E3665E722237B24300EB0C68 /* Sources */,
				E3665E732237B24300EB0C68 /* Frameworks */,
				E3665E742237B24300EB0C68 /* CopyFiles */,
			);
			buildRules = (
			);
			dependencies = (
			);
			name = DataStructurePractice;
			productName = DataStructurePractice;
			productReference = E3665E762237B24300EB0C68 /* DataStructurePractice */;
			productType = "com.apple.product-type.tool";
		};
/* End PBXNativeTarget section */

/* Begin PBXProject section */
		E3665E6E2237B24300EB0C68 /* Project object */ = {
			isa = PBXProject;
			attributes = {
				LastUpgradeCheck = 1010;
				ORGANIZATIONNAME = Nostalgia.WH;
				TargetAttributes = {
					E3665E752237B24300EB0C68 = {
						CreatedOnToolsVersion = 10.1;
					};
				};
			};
			buildConfigurationList = E3665E712237B24300EB0C68 /* Build configuration list for PBXProject "DataStructurePractice" */;
			compatibilityVersion = "Xcode 9.3";
			developmentRegion = en;
			hasScannedForEncodings = 0;
			knownRegions = (
				en,
			);
			mainGroup = E3665E6D2237B24300EB0C68;
			productRefGroup = E3665E772237B24300EB0C68 /* Products */;
			projectDirPath = "";
			projectRoot = "";
			targets = (
				E3665E752237B24300EB0C68 /* DataStructurePractice */,
			);
		};
/* End PBXProject section */

/* Begin PBXSourcesBuildPhase section */
		E3665E722237B24300EB0C68 /* Sources */ = {
			isa = PBXSourcesBuildPhase;
			buildActionMask = 2147483647;
			files = (
				E21B5BF6226E963F00BC1467 /* 2二叉树.cpp in Sources */,
			);
			runOnlyForDeploymentPostprocessing = 0;
		};
/* End PBXSourcesBuildPhase section */

/* Begin XCBuildConfiguration section */
		E3665E7B2237B24300EB0C68 /* Debug */ = {
			isa = XCBuildConfiguration;
			buildSettings = {
				ALWAYS_SEARCH_USER_PATHS = NO;
				CLANG_ANALYZER_NONNULL = YES;
				CLANG_ANALYZER_NUMBER_OBJECT_CONVERSION = YES_AGGRESSIVE;
				CLANG_CXX_LANGUAGE_STANDARD = "gnu++14";
				CLANG_CXX_LIBRARY = "libc++";
				CLANG_ENABLE_MODULES = YES;
				CLANG_ENABLE_OBJC_ARC = YES;
				CLANG_ENABLE_OBJC_WEAK = YES;
				CLANG_WARN_BLOCK_CAPTURE_AUTORELEASING = YES;
				CLANG_WARN_BOOL_CONVERSION = YES;
				CLANG_WARN_COMMA = YES;
				CLANG_WARN_CONSTANT_CONVERSION = YES;
				CLANG_WARN_DEPRECATED_OBJC_IMPLEMENTATIONS = YES;
				CLANG_WARN_DIRECT_OBJC_ISA_USAGE = YES_ERROR;
				CLANG_WARN_DOCUMENTATION_COMMENTS = YES;
				CLANG_WARN_EMPTY_BODY = YES;
				CLANG_WARN_ENUM_CONVERSION = YES;
				CLANG_WARN_INFINITE_RECURSION = YES;
				CLANG_WARN_INT_CONVERSION = YES;
				CLANG_WARN_NON_LITERAL_NULL_CONVERSION = YES;
				CLANG_WARN_OBJC_IMPLICIT_RETAIN_SELF = YES;
				CLANG_WARN_OBJC_LITERAL_CONVERSION = YES;
				CLANG_WARN_OBJC_ROOT_CLASS = YES_ERROR;
				CLANG_WARN_RANGE_LOOP_ANALYSIS = YES;
				CLANG_WARN_STRICT_PROTOTYPES = YES;
				CLANG_WARN_SUSPICIOUS_MOVE = YES;
				CLANG_WARN_UNGUARDED_AVAILABILITY = YES_AGGRESSIVE;
				CLANG_WARN_UNREACHABLE_CODE = YES;
				CLANG_WARN__DUPLICATE_METHOD_MATCH = YES;
				CODE_SIGN_IDENTITY = "-";
				COPY_PHASE_STRIP = NO;
				DEBUG_INFORMATION_FORMAT = dwarf;
				ENABLE_STRICT_OBJC_MSGSEND = YES;
				ENABLE_TESTABILITY = YES;
				GCC_C_LANGUAGE_STANDARD = gnu11;
				GCC_DYNAMIC_NO_PIC = NO;
				GCC_NO_COMMON_BLOCKS = YES;
				GCC_OPTIMIZATION_LEVEL = 0;
				GCC_PREPROCESSOR_DEFINITIONS = (
					"DEBUG=1",
					"$(inherited)",
				);
				GCC_WARN_64_TO_32_BIT_CONVERSION = YES;
				GCC_WARN_ABOUT_RETURN_TYPE = YES_ERROR;
				GCC_WARN_UNDECLARED_SELECTOR = YES;
				GCC_WARN_UNINITIALIZED_AUTOS = YES_AGGRESSIVE;
				GCC_WARN_UNUSED_FUNCTION = YES;
				GCC_WARN_UNUSED_VARIABLE = YES;
				MACOSX_DEPLOYMENT_TARGET = 10.14;
				MTL_ENABLE_DEBUG_INFO = INCLUDE_SOURCE;
				MTL_FAST_MATH = YES;
				ONLY_ACTIVE_ARCH = YES;
				SDKROOT = macosx;
			};
			name = Debug;
		};
		E3665E7C2237B24300EB0C68 /* Release */ = {
			isa = XCBuildConfiguration;
			buildSettings = {
				ALWAYS_SEARCH_USER_PATHS = NO;
				CLANG_ANALYZER_NONNULL = YES;
				CLANG_ANALYZER_NUMBER_OBJECT_CONVERSION = YES_AGGRESSIVE;
				CLANG_CXX_LANGUAGE_STANDARD = "gnu++14";
				CLANG_CXX_LIBRARY = "libc++";
				CLANG_ENABLE_MODULES = YES;
				CLANG_ENABLE_OBJC_ARC = YES;
				CLANG_ENABLE_OBJC_WEAK = YES;
				CLANG_WARN_BLOCK_CAPTURE_AUTORELEASING = YES;
				CLANG_WARN_BOOL_CONVERSION = YES;
				CLANG_WARN_COMMA = YES;
				CLANG_WARN_CONSTANT_CONVERSION = YES;
				CLANG_WARN_DEPRECATED_OBJC_IMPLEMENTATIONS = YES;
				CLANG_WARN_DIRECT_OBJC_ISA_USAGE = YES_ERROR;
				CLANG_WARN_DOCUMENTATION_COMMENTS = YES;
				CLANG_WARN_EMPTY_BODY = YES;
				CLANG_WARN_ENUM_CONVERSION = YES;
				CLANG_WARN_INFINITE_RECURSION = YES;
				CLANG_WARN_INT_CONVERSION = YES;
				CLANG_WARN_NON_LITERAL_NULL_CONVERSION = YES;
				CLANG_WARN_OBJC_IMPLICIT_RETAIN_SELF = YES;
				CLANG_WARN_OBJC_LITERAL_CONVERSION = YES;
				CLANG_WARN_OBJC_ROOT_CLASS = YES_ERROR;
				CLANG_WARN_RANGE_LOOP_ANALYSIS = YES;
				CLANG_WARN_STRICT_PROTOTYPES = YES;
				CLANG_WARN_SUSPICIOUS_MOVE = YES;
				CLANG_WARN_UNGUARDED_AVAILABILITY = YES_AGGRESSIVE;
				CLANG_WARN_UNREACHABLE_CODE = YES;
				CLANG_WARN__DUPLICATE_METHOD_MATCH = YES;
				CODE_SIGN_IDENTITY = "-";
				COPY_PHASE_STRIP = NO;
				DEBUG_INFORMATION_FORMAT = "dwarf-with-dsym";
				ENABLE_NS_ASSERTIONS = NO;
				ENABLE_STRICT_OBJC_MSGSEND = YES;
				GCC_C_LANGUAGE_STANDARD = gnu11;
				GCC_NO_COMMON_BLOCKS = YES;
				GCC_WARN_64_TO_32_BIT_CONVERSION = YES;
				GCC_WARN_ABOUT_RETURN_TYPE = YES_ERROR;
				GCC_WARN_UNDECLARED_SELECTOR = YES;
				GCC_WARN_UNINITIALIZED_AUTOS = YES_AGGRESSIVE;
				GCC_WARN_UNUSED_FUNCTION = YES;
				GCC_WARN_UNUSED_VARIABLE = YES;
				MACOSX_DEPLOYMENT_TARGET = 10.14;
				MTL_ENABLE_DEBUG_INFO = NO;
				MTL_FAST_MATH = YES;
				SDKROOT = macosx;
			};
			name = Release;
		};
		E3665E7E2237B24300EB0C68 /* Debug */ = {
			isa = XCBuildConfiguration;
			buildSettings = {
				CODE_SIGN_STYLE = Automatic;
				PRODUCT_NAME = "$(TARGET_NAME)";
			};
			name = Debug;
		};
		E3665E7F2237B24300EB0C68 /* Release */ = {
			isa = XCBuildConfiguration;
			buildSettings = {
				CODE_SIGN_STYLE = Automatic;
				PRODUCT_NAME = "$(TARGET_NAME)";
			};
			name = Release;
		};
/* End XCBuildConfiguration section */

/* Begin XCConfigurationList section */
		E3665E712237B24300EB0C68 /* Build configuration list for PBXProject "DataStructurePractice" */ = {
			isa = XCConfigurationList;
			buildConfigurations = (
				E3665E7B2237B24300EB0C68 /* Debug */,
				E3665E7C2237B24300EB0C68 /* Release */,
			);
			defaultConfigurationIsVisible = 0;
			defaultConfigurationName = Release;
		};
		E3665E7D2237B24300EB0C68 /* Build configuration list for PBXNativeTarget "DataStructurePractice" */ = {
			isa = XCConfigurationList;
			buildConfigurations = (
				E3665E7E2237B24300EB0C68 /* Debug */,
				E3665E7F2237B24300EB0C68 /* Release */,
			);
			defaultConfigurationIsVisible = 0;
			defaultConfigurationName = Release;
		};
/* End XCConfigurationList section */
	};
	rootObject = E3665E6E2237B24300EB0C68 /* Project object */;
}
